
Microsoft Visual Studio Solution File, Format Version 12.00
# Visual Studio 14
VisualStudioVersion = 14.0.25420.1
MinimumVisualStudioVersion = 10.0.40219.1
Project("{8BB2217D-0F2D-49D1-97BC-3654ED321F3B}") = "01_ahoj", "uvod\01_ahoj\01_ahoj.xproj", "{784164DB-204B-4443-BB1A-C80A3B229119}"
EndProject
Project("{2150E333-8FDC-42A3-9474-1A3956D46DE8}") = "Uvod", "Uvod", "{985757A9-AC79-46F0-9026-BA45E8205645}"
EndProject
Project("{8BB2217D-0F2D-49D1-97BC-3654ED321F3B}") = "02_cislo", "uvod\02_cislo\02_cislo.xproj", "{E0EE882B-A0B9-43FF-9B07-5E86532F04B0}"
EndProject
Project("{8BB2217D-0F2D-49D1-97BC-3654ED321F3B}") = "03_zamena", "uvod\03_zamena\03_zamena.xproj", "{16A4B719-F0AF-4523-A0B6-CB600DD3C9C0}"
EndProject
Project("{8BB2217D-0F2D-49D1-97BC-3654ED321F3B}") = "04_obdlznik", "uvod\04_obdlznik\04_obdlznik.xproj", "{D7024327-7750-4106-8574-3E80C9645603}"
EndProject
Project("{8BB2217D-0F2D-49D1-97BC-3654ED321F3B}") = "05_rovnake_cisla", "uvod\05_rovnake_cisla\05_rovnake_cisla.xproj", "{1D45E257-2971-428E-99F7-AE54CD486DD0}"
EndProject
Project("{8BB2217D-0F2D-49D1-97BC-3654ED321F3B}") = "06_znamienko", "uvod\06_znamienko\06_znamienko.xproj", "{4F70E830-0371-4ABA-83F8-4141FB6FCE88}"
EndProject
Project("{FAE04EC0-301F-11D3-BF4B-00C04F79EFBC}") = "07_minimum", "uvod\07_minimum\07_minimum.csproj", "{BCC8D210-45E7-4A4A-BA98-CAE31FD2C3A1}"
EndProject
Project("{FAE04EC0-301F-11D3-BF4B-00C04F79EFBC}") = "09_priemer", "uvod\09_priemer\09_priemer.csproj", "{2876B5FD-014F-4EF9-9207-4EA6ADBEFFB5}"
EndProject
Project("{FAE04EC0-301F-11D3-BF4B-00C04F79EFBC}") = "10_zvysok_po_deleni7", "uvod\10_zvysok_po_deleni7\10_zvysok_po_deleni7.csproj", "{E588B547-EB6A-44C9-A44B-0FF6EA2FFFC6}"
EndProject
Global
	GlobalSection(SolutionConfigurationPlatforms) = preSolution
		Debug|Any CPU = Debug|Any CPU
		Release|Any CPU = Release|Any CPU
	EndGlobalSection
	GlobalSection(ProjectConfigurationPlatforms) = postSolution
		{784164DB-204B-4443-BB1A-C80A3B229119}.Debug|Any CPU.ActiveCfg = Debug|Any CPU
		{784164DB-204B-4443-BB1A-C80A3B229119}.Debug|Any CPU.Build.0 = Debug|Any CPU
		{784164DB-204B-4443-BB1A-C80A3B229119}.Release|Any CPU.ActiveCfg = Release|Any CPU
		{784164DB-204B-4443-BB1A-C80A3B229119}.Release|Any CPU.Build.0 = Release|Any CPU
		{E0EE882B-A0B9-43FF-9B07-5E86532F04B0}.Debug|Any CPU.ActiveCfg = Debug|Any CPU
		{E0EE882B-A0B9-43FF-9B07-5E86532F04B0}.Debug|Any CPU.Build.0 = Debug|Any CPU
		{E0EE882B-A0B9-43FF-9B07-5E86532F04B0}.Release|Any CPU.ActiveCfg = Release|Any CPU
		{E0EE882B-A0B9-43FF-9B07-5E86532F04B0}.Release|Any CPU.Build.0 = Release|Any CPU
		{16A4B719-F0AF-4523-A0B6-CB600DD3C9C0}.Debug|Any CPU.ActiveCfg = Debug|Any CPU
		{16A4B719-F0AF-4523-A0B6-CB600DD3C9C0}.Debug|Any CPU.Build.0 = Debug|Any CPU
		{16A4B719-F0AF-4523-A0B6-CB600DD3C9C0}.Release|Any CPU.ActiveCfg = Release|Any CPU
		{16A4B719-F0AF-4523-A0B6-CB600DD3C9C0}.Release|Any CPU.Build.0 = Release|Any CPU
		{D7024327-7750-4106-8574-3E80C9645603}.Debug|Any CPU.ActiveCfg = Debug|Any CPU
		{D7024327-7750-4106-8574-3E80C9645603}.Debug|Any CPU.Build.0 = Debug|Any CPU
		{D7024327-7750-4106-8574-3E80C9645603}.Release|Any CPU.ActiveCfg = Release|Any CPU
		{D7024327-7750-4106-8574-3E80C9645603}.Release|Any CPU.Build.0 = Release|Any CPU
		{1D45E257-2971-428E-99F7-AE54CD486DD0}.Debug|Any CPU.ActiveCfg = Debug|Any CPU
		{1D45E257-2971-428E-99F7-AE54CD486DD0}.Debug|Any CPU.Build.0 = Debug|Any CPU
		{1D45E257-2971-428E-99F7-AE54CD486DD0}.Release|Any CPU.ActiveCfg = Release|Any CPU
		{1D45E257-2971-428E-99F7-AE54CD486DD0}.Release|Any CPU.Build.0 = Release|Any CPU
		{4F70E830-0371-4ABA-83F8-4141FB6FCE88}.Debug|Any CPU.ActiveCfg = Debug|Any CPU
		{4F70E830-0371-4ABA-83F8-4141FB6FCE88}.Debug|Any CPU.Build.0 = Debug|Any CPU
		{4F70E830-0371-4ABA-83F8-4141FB6FCE88}.Release|Any CPU.ActiveCfg = Release|Any CPU
		{4F70E830-0371-4ABA-83F8-4141FB6FCE88}.Release|Any CPU.Build.0 = Release|Any CPU
		{BCC8D210-45E7-4A4A-BA98-CAE31FD2C3A1}.Debug|Any CPU.ActiveCfg = Debug|Any CPU
		{BCC8D210-45E7-4A4A-BA98-CAE31FD2C3A1}.Debug|Any CPU.Build.0 = Debug|Any CPU
		{BCC8D210-45E7-4A4A-BA98-CAE31FD2C3A1}.Release|Any CPU.ActiveCfg = Release|Any CPU
		{BCC8D210-45E7-4A4A-BA98-CAE31FD2C3A1}.Release|Any CPU.Build.0 = Release|Any CPU
		{2876B5FD-014F-4EF9-9207-4EA6ADBEFFB5}.Debug|Any CPU.ActiveCfg = Debug|Any CPU
		{2876B5FD-014F-4EF9-9207-4EA6ADBEFFB5}.Debug|Any CPU.Build.0 = Debug|Any CPU
		{2876B5FD-014F-4EF9-9207-4EA6ADBEFFB5}.Release|Any CPU.ActiveCfg = Release|Any CPU
		{2876B5FD-014F-4EF9-9207-4EA6ADBEFFB5}.Release|Any CPU.Build.0 = Release|Any CPU
		{E588B547-EB6A-44C9-A44B-0FF6EA2FFFC6}.Debug|Any CPU.ActiveCfg = Debug|Any CPU
		{E588B547-EB6A-44C9-A44B-0FF6EA2FFFC6}.Debug|Any CPU.Build.0 = Debug|Any CPU
		{E588B547-EB6A-44C9-A44B-0FF6EA2FFFC6}.Release|Any CPU.ActiveCfg = Release|Any CPU
		{E588B547-EB6A-44C9-A44B-0FF6EA2FFFC6}.Release|Any CPU.Build.0 = Release|Any CPU
	EndGlobalSection
	GlobalSection(SolutionProperties) = preSolution
		HideSolutionNode = FALSE
	EndGlobalSection
	GlobalSection(NestedProjects) = preSolution
		{784164DB-204B-4443-BB1A-C80A3B229119} = {985757A9-AC79-46F0-9026-BA45E8205645}
		{E0EE882B-A0B9-43FF-9B07-5E86532F04B0} = {985757A9-AC79-46F0-9026-BA45E8205645}
		{16A4B719-F0AF-4523-A0B6-CB600DD3C9C0} = {985757A9-AC79-46F0-9026-BA45E8205645}
		{D7024327-7750-4106-8574-3E80C9645603} = {985757A9-AC79-46F0-9026-BA45E8205645}
		{1D45E257-2971-428E-99F7-AE54CD486DD0} = {985757A9-AC79-46F0-9026-BA45E8205645}
		{4F70E830-0371-4ABA-83F8-4141FB6FCE88} = {985757A9-AC79-46F0-9026-BA45E8205645}
		{BCC8D210-45E7-4A4A-BA98-CAE31FD2C3A1} = {985757A9-AC79-46F0-9026-BA45E8205645}
		{2876B5FD-014F-4EF9-9207-4EA6ADBEFFB5} = {985757A9-AC79-46F0-9026-BA45E8205645}
		{E588B547-EB6A-44C9-A44B-0FF6EA2FFFC6} = {985757A9-AC79-46F0-9026-BA45E8205645}
	EndGlobalSection
EndGlobal
